<Solution>
  <Project Path="OpenMedia.Core.NET.Tests/OpenMedia.Core.NET.Tests.csproj" />
  <Project Path="OpenMedia.Core.NET/OpenMedia.Core.NET.csproj" />
  <Project Path="OpenMedia.NDI.NET/OpenMedia.NDI.NET.csproj" />
  <Project Path="OpenMedia.Platform/OpenMedia.Platform.csproj" />
  <Project Path="OpenMedia.Platform.Tests/OpenMedia.Platform.Tests.csproj" />
  <Project Path="SampleCSharpPlugin/SampleCSharpPlugin.csproj" />
  <Project Path="SimplePlayer/SimplePlayer.csproj" />
  <Project Path="../samples/platform/SRT_ENCODE/SRT_ENCODE.csproj" />
  <Project Path="../samples/dotnet/WpfQuickPlayer/WpfQuickPlayer.csproj" />
  <Project Path="../samples/dotnet/VisionSwitcher/VisionSwitcher.csproj" />
  <Project Path="../samples/dotnet/LiveStreamer/LiveStreamer.csproj" />
  <Project Path="../samples/dotnet/NdiBridge/NdiBridge.csproj" />
  <Project Path="../samples/dotnet/PlaylistPlayout/PlaylistPlayout.csproj" />
</Solution>

